
Microsoft Visual Studio Solution File, Format Version 12.00
# Visual Studio Version 16
VisualStudioVersion = 16.0.30907.101
MinimumVisualStudioVersion = 10.0.40219.1
Project("{FAE04EC0-301F-11D3-BF4B-00C04F79EFBC}") = "AirBnbSearch.Android", "AirBnbSearch\AirBnbSearch.Android\AirBnbSearch.Android.csproj", "{AF85B13B-AD23-457A-84AD-731E24B25C30}"
EndProject
Project("{FAE04EC0-301F-11D3-BF4B-00C04F79EFBC}") = "AirBnbSearch", "AirBnbSearch\AirBnbSearch\AirBnbSearch.csproj", "{A95FD9B5-3D0C-4C2D-9DD4-322EFE6C3F06}"
EndProject
Global
	GlobalSection(SolutionConfigurationPlatforms) = preSolution
		Debug|Any CPU = Debug|Any CPU
		Release|Any CPU = Release|Any CPU
	EndGlobalSection
	GlobalSection(ProjectConfigurationPlatforms) = postSolution
		{AF85B13B-AD23-457A-84AD-731E24B25C30}.Debug|Any CPU.ActiveCfg = Debug|Any CPU
		{AF85B13B-AD23-457A-84AD-731E24B25C30}.Debug|Any CPU.Build.0 = Debug|Any CPU
		{AF85B13B-AD23-457A-84AD-731E24B25C30}.Debug|Any CPU.Deploy.0 = Debug|Any CPU
		{AF85B13B-AD23-457A-84AD-731E24B25C30}.Release|Any CPU.ActiveCfg = Release|Any CPU
		{AF85B13B-AD23-457A-84AD-731E24B25C30}.Release|Any CPU.Build.0 = Release|Any CPU
		{AF85B13B-AD23-457A-84AD-731E24B25C30}.Release|Any CPU.Deploy.0 = Release|Any CPU
		{A95FD9B5-3D0C-4C2D-9DD4-322EFE6C3F06}.Debug|Any CPU.ActiveCfg = Debug|Any CPU
		{A95FD9B5-3D0C-4C2D-9DD4-322EFE6C3F06}.Debug|Any CPU.Build.0 = Debug|Any CPU
		{A95FD9B5-3D0C-4C2D-9DD4-322EFE6C3F06}.Debug|Any CPU.Deploy.0 = Debug|Any CPU
		{A95FD9B5-3D0C-4C2D-9DD4-322EFE6C3F06}.Release|Any CPU.ActiveCfg = Release|Any CPU
		{A95FD9B5-3D0C-4C2D-9DD4-322EFE6C3F06}.Release|Any CPU.Build.0 = Release|Any CPU
		{A95FD9B5-3D0C-4C2D-9DD4-322EFE6C3F06}.Release|Any CPU.Deploy.0 = Release|Any CPU
	EndGlobalSection
	GlobalSection(SolutionProperties) = preSolution
		HideSolutionNode = FALSE
	EndGlobalSection
	GlobalSection(ExtensibilityGlobals) = postSolution
		SolutionGuid = {51B4042D-2821-4E32-B806-A6F0CA18DC1A}
	EndGlobalSection
EndGlobal
